
Microsoft Visual Studio Solution File, Format Version 12.00
# Visual Studio 15
VisualStudioVersion = 15.0.27130.2010
MinimumVisualStudioVersion = 10.0.40219.1
Project("{FAE04EC0-301F-11D3-BF4B-00C04F79EFBC}") = "EtlDemoNetStandard", "EtlDemoNetStandard\EtlDemoNetStandard.csproj", "{F17B96A3-4076-43C3-B189-4AC8DC40C0EA}"
EndProject
Global
	GlobalSection(SolutionConfigurationPlatforms) = preSolution
		Debug|Any CPU = Debug|Any CPU
		Release|Any CPU = Release|Any CPU
	EndGlobalSection
	GlobalSection(ProjectConfigurationPlatforms) = postSolution
		{F17B96A3-4076-43C3-B189-4AC8DC40C0EA}.Debug|Any CPU.ActiveCfg = Debug|Any CPU
		{F17B96A3-4076-43C3-B189-4AC8DC40C0EA}.Debug|Any CPU.Build.0 = Debug|Any CPU
		{F17B96A3-4076-43C3-B189-4AC8DC40C0EA}.Release|Any CPU.ActiveCfg = Release|Any CPU
		{F17B96A3-4076-43C3-B189-4AC8DC40C0EA}.Release|Any CPU.Build.0 = Release|Any CPU
	EndGlobalSection
	GlobalSection(SolutionProperties) = preSolution
		HideSolutionNode = FALSE
	EndGlobalSection
	GlobalSection(ExtensibilityGlobals) = postSolution
		SolutionGuid = {EE45C069-2213-4795-A68F-476BA4B67828}
	EndGlobalSection
EndGlobal
